
Microsoft Visual Studio Solution File, Format Version 12.00
# Visual Studio Version 16
VisualStudioVersion = 16.0.30128.74
MinimumVisualStudioVersion = 10.0.40219.1
Project("{FAE04EC0-301F-11D3-BF4B-00C04F79EFBC}") = "Plan", "Plan.csproj", "{4329F481-CF68-42F9-AA29-E6B67D16B29D}"
EndProject
Global
	GlobalSection(SolutionConfigurationPlatforms) = preSolution
		Debug|Any CPU = Debug|Any CPU
		Release|Any CPU = Release|Any CPU
	EndGlobalSection
	GlobalSection(ProjectConfigurationPlatforms) = postSolution
		{4329F481-CF68-42F9-AA29-E6B67D16B29D}.Debug|Any CPU.ActiveCfg = Debug|Any CPU
		{4329F481-CF68-42F9-AA29-E6B67D16B29D}.Debug|Any CPU.Build.0 = Debug|Any CPU
		{4329F481-CF68-42F9-AA29-E6B67D16B29D}.Release|Any CPU.ActiveCfg = Release|Any CPU
		{4329F481-CF68-42F9-AA29-E6B67D16B29D}.Release|Any CPU.Build.0 = Release|Any CPU
	EndGlobalSection
	GlobalSection(SolutionProperties) = preSolution
		HideSolutionNode = FALSE
	EndGlobalSection
	GlobalSection(ExtensibilityGlobals) = postSolution
		SolutionGuid = {FA52A3DE-F9ED-490B-B842-F7CEB85F180A}
	EndGlobalSection
EndGlobal
